
Microsoft Visual Studio Solution File, Format Version 12.00
# Visual Studio 15
VisualStudioVersion = 15.0.28307.106
MinimumVisualStudioVersion = 10.0.40219.1
Project("{8BC9CEB8-8B4A-11D0-8D11-00A0C91BC942}") = "study_game_NumberBingo(VS_AI)", "study_game_NumberBingo(VS_AI)\study_game_NumberBingo(VS_AI).vcxproj", "{921ABD11-F364-426B-99EB-D84B3DBB257D}"
EndProject
Global
	GlobalSection(SolutionConfigurationPlatforms) = preSolution
		Debug|x64 = Debug|x64
		Debug|x86 = Debug|x86
		Release|x64 = Release|x64
		Release|x86 = Release|x86
	EndGlobalSection
	GlobalSection(ProjectConfigurationPlatforms) = postSolution
		{921ABD11-F364-426B-99EB-D84B3DBB257D}.Debug|x64.ActiveCfg = Debug|x64
		{921ABD11-F364-426B-99EB-D84B3DBB257D}.Debug|x64.Build.0 = Debug|x64
		{921ABD11-F364-426B-99EB-D84B3DBB257D}.Debug|x86.ActiveCfg = Debug|Win32
		{921ABD11-F364-426B-99EB-D84B3DBB257D}.Debug|x86.Build.0 = Debug|Win32
		{921ABD11-F364-426B-99EB-D84B3DBB257D}.Release|x64.ActiveCfg = Release|x64
		{921ABD11-F364-426B-99EB-D84B3DBB257D}.Release|x64.Build.0 = Release|x64
		{921ABD11-F364-426B-99EB-D84B3DBB257D}.Release|x86.ActiveCfg = Release|Win32
		{921ABD11-F364-426B-99EB-D84B3DBB257D}.Release|x86.Build.0 = Release|Win32
	EndGlobalSection
	GlobalSection(SolutionProperties) = preSolution
		HideSolutionNode = FALSE
	EndGlobalSection
	GlobalSection(ExtensibilityGlobals) = postSolution
		SolutionGuid = {4A23521F-71B4-4541-870C-8198A078CDB1}
	EndGlobalSection
EndGlobal
